
Microsoft Visual Studio Solution File, Format Version 10.00
# Visual Studio 2008
Project("{FAE04EC0-301F-11D3-BF4B-00C04F79EFBC}") = "GrislyGrotto", "GrislyGrotto.csproj", "{1F02D1DD-19AF-4876-A44B-3F87B9CD06C5}"
EndProject
Global
	GlobalSection(SolutionConfigurationPlatforms) = preSolution
		Debug|Any CPU = Debug|Any CPU
		Release|Any CPU = Release|Any CPU
	EndGlobalSection
	GlobalSection(ProjectConfigurationPlatforms) = postSolution
		{1F02D1DD-19AF-4876-A44B-3F87B9CD06C5}.Debug|Any CPU.ActiveCfg = Debug|Any CPU
		{1F02D1DD-19AF-4876-A44B-3F87B9CD06C5}.Debug|Any CPU.Build.0 = Debug|Any CPU
		{1F02D1DD-19AF-4876-A44B-3F87B9CD06C5}.Release|Any CPU.ActiveCfg = Release|Any CPU
		{1F02D1DD-19AF-4876-A44B-3F87B9CD06C5}.Release|Any CPU.Build.0 = Release|Any CPU
	EndGlobalSection
	GlobalSection(SolutionProperties) = preSolution
		HideSolutionNode = FALSE
	EndGlobalSection
	GlobalSection(ExtensibilityGlobals) = postSolution
		VisualSVNWorkingCopyRoot = .
	EndGlobalSection
EndGlobal
