
Microsoft Visual Studio Solution File, Format Version 10.00
# Visual Studio 2008
Project("{FAE04EC0-301F-11D3-BF4B-00C04F79EFBC}") = "Website", "Website\Website.csproj", "{4EBF3E00-431A-4701-8086-79F334EBD9F2}"
EndProject
Project("{FAE04EC0-301F-11D3-BF4B-00C04F79EFBC}") = "Core", "Core\Core.csproj", "{F2FF3BED-ED6D-4E12-AD25-031745EDC438}"
EndProject
Project("{FAE04EC0-301F-11D3-BF4B-00C04F79EFBC}") = "DAL.SQLite", "DAL.SQLite\DAL.SQLite.csproj", "{6782670E-60DF-4D0A-92F7-0B3FD878D751}"
EndProject
Project("{2150E333-8FDC-42A3-9474-1A3956D46DE8}") = "Lib", "Lib", "{9B35C988-F247-4D74-82AE-A2CF97692B7C}"
	ProjectSection(SolutionItems) = preProject
		Microsoft.Practices.ObjectBuilder2.dll = Microsoft.Practices.ObjectBuilder2.dll
		Microsoft.Practices.Unity.dll = Microsoft.Practices.Unity.dll
		System.Data.SQLite.dll = System.Data.SQLite.dll
	EndProjectSection
EndProject
Project("{FAE04EC0-301F-11D3-BF4B-00C04F79EFBC}") = "Shell.FtpUploader", "Shell.FtpUploader\Shell.FtpUploader.csproj", "{01989B92-E626-4A6C-BD42-649840B118D6}"
EndProject
Global
	GlobalSection(SolutionConfigurationPlatforms) = preSolution
		Debug|Any CPU = Debug|Any CPU
		Release|Any CPU = Release|Any CPU
	EndGlobalSection
	GlobalSection(ProjectConfigurationPlatforms) = postSolution
		{4EBF3E00-431A-4701-8086-79F334EBD9F2}.Debug|Any CPU.ActiveCfg = Debug|Any CPU
		{4EBF3E00-431A-4701-8086-79F334EBD9F2}.Debug|Any CPU.Build.0 = Debug|Any CPU
		{4EBF3E00-431A-4701-8086-79F334EBD9F2}.Release|Any CPU.ActiveCfg = Release|Any CPU
		{4EBF3E00-431A-4701-8086-79F334EBD9F2}.Release|Any CPU.Build.0 = Release|Any CPU
		{F2FF3BED-ED6D-4E12-AD25-031745EDC438}.Debug|Any CPU.ActiveCfg = Debug|Any CPU
		{F2FF3BED-ED6D-4E12-AD25-031745EDC438}.Debug|Any CPU.Build.0 = Debug|Any CPU
		{F2FF3BED-ED6D-4E12-AD25-031745EDC438}.Release|Any CPU.ActiveCfg = Release|Any CPU
		{F2FF3BED-ED6D-4E12-AD25-031745EDC438}.Release|Any CPU.Build.0 = Release|Any CPU
		{6782670E-60DF-4D0A-92F7-0B3FD878D751}.Debug|Any CPU.ActiveCfg = Debug|Any CPU
		{6782670E-60DF-4D0A-92F7-0B3FD878D751}.Debug|Any CPU.Build.0 = Debug|Any CPU
		{6782670E-60DF-4D0A-92F7-0B3FD878D751}.Release|Any CPU.ActiveCfg = Release|Any CPU
		{6782670E-60DF-4D0A-92F7-0B3FD878D751}.Release|Any CPU.Build.0 = Release|Any CPU
		{01989B92-E626-4A6C-BD42-649840B118D6}.Debug|Any CPU.ActiveCfg = Debug|Any CPU
		{01989B92-E626-4A6C-BD42-649840B118D6}.Debug|Any CPU.Build.0 = Debug|Any CPU
		{01989B92-E626-4A6C-BD42-649840B118D6}.Release|Any CPU.ActiveCfg = Release|Any CPU
		{01989B92-E626-4A6C-BD42-649840B118D6}.Release|Any CPU.Build.0 = Release|Any CPU
	EndGlobalSection
	GlobalSection(SolutionProperties) = preSolution
		HideSolutionNode = FALSE
	EndGlobalSection
	GlobalSection(ExtensibilityGlobals) = postSolution
		VisualSVNWorkingCopyRoot = .
	EndGlobalSection
EndGlobal
